
Microsoft Visual Studio Solution File, Format Version 12.00
# Visual Studio Version 16
VisualStudioVersion = 16.0.32106.194
MinimumVisualStudioVersion = 10.0.40219.1
Project("{FAE04EC0-301F-11D3-BF4B-00C04F79EFBC}") = "prutokomer_a_pumpa", "prutokomer_a_pumpa.csproj", "{ECA6F30C-A165-46D4-99F9-FDB09521B3E7}"
EndProject
Global
	GlobalSection(SolutionConfigurationPlatforms) = preSolution
		Debug|Any CPU = Debug|Any CPU
		Release|Any CPU = Release|Any CPU
	EndGlobalSection
	GlobalSection(ProjectConfigurationPlatforms) = postSolution
		{ECA6F30C-A165-46D4-99F9-FDB09521B3E7}.Debug|Any CPU.ActiveCfg = Debug|Any CPU
		{ECA6F30C-A165-46D4-99F9-FDB09521B3E7}.Debug|Any CPU.Build.0 = Debug|Any CPU
		{ECA6F30C-A165-46D4-99F9-FDB09521B3E7}.Release|Any CPU.ActiveCfg = Release|Any CPU
		{ECA6F30C-A165-46D4-99F9-FDB09521B3E7}.Release|Any CPU.Build.0 = Release|Any CPU
	EndGlobalSection
	GlobalSection(SolutionProperties) = preSolution
		HideSolutionNode = FALSE
	EndGlobalSection
	GlobalSection(ExtensibilityGlobals) = postSolution
		SolutionGuid = {94ED6BDB-9759-48BA-911D-D2E2D6D6DE04}
	EndGlobalSection
EndGlobal
